
Microsoft Visual Studio Solution File, Format Version 12.00
# Visual Studio Version 17
VisualStudioVersion = 17.1.32328.378
MinimumVisualStudioVersion = 10.0.40219.1
Project("{9A19103F-16F7-4668-BE54-9A1E7A4F7556}") = "InMemoryHLSSegmenter", "InMemoryHLSSegmenter\InMemoryHLSSegmenter.csproj", "{37950A57-8E84-4598-907A-D0CC134C4F5A}"
EndProject
Global
	GlobalSection(SolutionConfigurationPlatforms) = preSolution
		Debug|Any CPU = Debug|Any CPU
		Release|Any CPU = Release|Any CPU
	EndGlobalSection
	GlobalSection(ProjectConfigurationPlatforms) = postSolution
		{37950A57-8E84-4598-907A-D0CC134C4F5A}.Debug|Any CPU.ActiveCfg = Debug|Any CPU
		{37950A57-8E84-4598-907A-D0CC134C4F5A}.Debug|Any CPU.Build.0 = Debug|Any CPU
		{37950A57-8E84-4598-907A-D0CC134C4F5A}.Release|Any CPU.ActiveCfg = Release|Any CPU
		{37950A57-8E84-4598-907A-D0CC134C4F5A}.Release|Any CPU.Build.0 = Release|Any CPU
	EndGlobalSection
	GlobalSection(SolutionProperties) = preSolution
		HideSolutionNode = FALSE
	EndGlobalSection
	GlobalSection(ExtensibilityGlobals) = postSolution
		SolutionGuid = {8C2DF03D-4031-4E1E-94AA-4AC934EABE43}
	EndGlobalSection
EndGlobal
